// !$*UTF8*$!
{
	archiveVersion = 1;
	classes = {
	};
	objectVersion = 50;
	objects = {

/* Begin PBXBuildFile section */
		6AD25F07207668F10032E0F0 /* AppDelegate.swift in Sources */ = {isa = PBXBuildFile; fileRef = 6AD25F06207668F10032E0F0 /* AppDelegate.swift */; };
		6AD25F09207668F10032E0F0 /* ViewController.swift in Sources */ = {isa = PBXBuildFile; fileRef = 6AD25F08207668F10032E0F0 /* ViewController.swift */; };
		6AD25F0C207668F10032E0F0 /* Main.storyboard in Resources */ = {isa = PBXBuildFile; fileRef = 6AD25F0A207668F10032E0F0 /* Main.storyboard */; };
		6AD25F0E207668F30032E0F0 /* Assets.xcassets in Resources */ = {isa = PBXBuildFile; fileRef = 6AD25F0D207668F30032E0F0 /* Assets.xcassets */; };
		6AD25F11207668F30032E0F0 /* LaunchScreen.storyboard in Resources */ = {isa = PBXBuildFile; fileRef = 6AD25F0F207668F30032E0F0 /* LaunchScreen.storyboard */; };
		B68038A20A39EE6D6D25CA08 /* Pods_D07.framework in Frameworks */ = {isa = PBXBuildFile; fileRef = A851D766A42A848E1627FC4A /* Pods_D07.framework */; };
/* End PBXBuildFile section */

/* Begin PBXFileReference section */
		6AD25F03207668F10032E0F0 /* D07.app */ = {isa = PBXFileReference; explicitFileType = wrapper.application; includeInIndex = 0; path = D07.app; sourceTree = BUILT_PRODUCTS_DIR; };
		6AD25F06207668F10032E0F0 /* AppDelegate.swift */ = {isa = PBXFileReference; lastKnownFileType = sourcecode.swift; path = AppDelegate.swift; sourceTree = "<group>"; };
		6AD25F08207668F10032E0F0 /* ViewController.swift */ = {isa = PBXFileReference; lastKnownFileType = sourcecode.swift; path = ViewController.swift; sourceTree = "<group>"; };
		6AD25F0B207668F10032E0F0 /* Base */ = {isa = PBXFileReference; lastKnownFileType = file.storyboard; name = Base; path = Base.lproj/Main.storyboard; sourceTree = "<group>"; };
		6AD25F0D207668F30032E0F0 /* Assets.xcassets */ = {isa = PBXFileReference; lastKnownFileType = folder.assetcatalog; path = Assets.xcassets; sourceTree = "<group>"; };
		6AD25F10207668F30032E0F0 /* Base */ = {isa = PBXFileReference; lastKnownFileType = file.storyboard; name = Base; path = Base.lproj/LaunchScreen.storyboard; sourceTree = "<group>"; };
		6AD25F12207668F30032E0F0 /* Info.plist */ = {isa = PBXFileReference; lastKnownFileType = text.plist.xml; path = Info.plist; sourceTree = "<group>"; };
		A851D766A42A848E1627FC4A /* Pods_D07.framework */ = {isa = PBXFileReference; explicitFileType = wrapper.framework; includeInIndex = 0; path = Pods_D07.framework; sourceTree = BUILT_PRODUCTS_DIR; };
		DEE54363179CA123EFE93B13 /* Pods-D07.release.xcconfig */ = {isa = PBXFileReference; includeInIndex = 1; lastKnownFileType = text.xcconfig; name = "Pods-D07.release.xcconfig"; path = "Pods/Target Support Files/Pods-D07/Pods-D07.release.xcconfig"; sourceTree = "<group>"; };
		FF2AB29043E4DB88FE2F85B0 /* Pods-D07.debug.xcconfig */ = {isa = PBXFileReference; includeInIndex = 1; lastKnownFileType = text.xcconfig; name = "Pods-D07.debug.xcconfig"; path = "Pods/Target Support Files/Pods-D07/Pods-D07.debug.xcconfig"; sourceTree = "<group>"; };
/* End PBXFileReference section */

/* Begin PBXFrameworksBuildPhase section */
		6AD25F00207668F10032E0F0 /* Frameworks */ = {
			isa = PBXFrameworksBuildPhase;
			buildActionMask = 2147483647;
			files = (
				B68038A20A39EE6D6D25CA08 /* Pods_D07.framework in Frameworks */,
			);
			runOnlyForDeploymentPostprocessing = 0;
		};
/* End PBXFrameworksBuildPhase section */

/* Begin PBXGroup section */
		55F1DD44064B2B2F442FF1BF /* Frameworks */ = {
			isa = PBXGroup;
			children = (
				A851D766A42A848E1627FC4A /* Pods_D07.framework */,
			);
			name = Frameworks;
			sourceTree = "<group>";
		};
		6AD25EFA207668F10032E0F0 = {
			isa = PBXGroup;
			children = (
				6AD25F05207668F10032E0F0 /* D07 */,
				6AD25F04207668F10032E0F0 /* Products */,
				ADE8A0EC355EDFCA3F8023B9 /* Pods */,
				55F1DD44064B2B2F442FF1BF /* Frameworks */,
			);
			sourceTree = "<group>";
		};
		6AD25F04207668F10032E0F0 /* Products */ = {
			isa = PBXGroup;
			children = (
				6AD25F03207668F10032E0F0 /* D07.app */,
			);
			name = Products;
			sourceTree = "<group>";
		};
		6AD25F05207668F10032E0F0 /* D07 */ = {
			isa = PBXGroup;
			children = (
				6AD25F06207668F10032E0F0 /* AppDelegate.swift */,
				6AD25F08207668F10032E0F0 /* ViewController.swift */,
				6AD25F0A207668F10032E0F0 /* Main.storyboard */,
				6AD25F0D207668F30032E0F0 /* Assets.xcassets */,
				6AD25F0F207668F30032E0F0 /* LaunchScreen.storyboard */,
				6AD25F12207668F30032E0F0 /* Info.plist */,
			);
			path = D07;
			sourceTree = "<group>";
		};
		ADE8A0EC355EDFCA3F8023B9 /* Pods */ = {
			isa = PBXGroup;
			children = (
				FF2AB29043E4DB88FE2F85B0 /* Pods-D07.debug.xcconfig */,
				DEE54363179CA123EFE93B13 /* Pods-D07.release.xcconfig */,
			);
			name = Pods;
			sourceTree = "<group>";
		};
/* End PBXGroup section */

/* Begin PBXNativeTarget section */
		6AD25F02207668F10032E0F0 /* D07 */ = {
			isa = PBXNativeTarget;
			buildConfigurationList = 6AD25F15207668F30032E0F0 /* Build configuration list for PBXNativeTarget "D07" */;
			buildPhases = (
				E9C898015E38FB9AC64C0996 /* [CP] Check Pods Manifest.lock */,
				6AD25EFF207668F10032E0F0 /* Sources */,
				6AD25F00207668F10032E0F0 /* Frameworks */,
				6AD25F01207668F10032E0F0 /* Resources */,
				4B6A42AEF3AC8020AC7613B5 /* [CP] Embed Pods Frameworks */,
			);
			buildRules = (
			);
			dependencies = (
			);
			name = D07;
			productName = D07;
			productReference = 6AD25F03207668F10032E0F0 /* D07.app */;
			productType = "com.apple.product-type.application";
		};
/* End PBXNativeTarget section */

/* Begin PBXProject section */
		6AD25EFB207668F10032E0F0 /* Project object */ = {
			isa = PBXProject;
			attributes = {
				LastSwiftUpdateCheck = 0930;
				LastUpgradeCheck = 0930;
				ORGANIZATIONNAME = "Jegathas Sivanesan";
				TargetAttributes = {
					6AD25F02207668F10032E0F0 = {
						CreatedOnToolsVersion = 9.3;
					};
				};
			};
			buildConfigurationList = 6AD25EFE207668F10032E0F0 /* Build configuration list for PBXProject "D07" */;
			compatibilityVersion = "Xcode 9.3";
			developmentRegion = en;
			hasScannedForEncodings = 0;
			knownRegions = (
				en,
				Base,
			);
			mainGroup = 6AD25EFA207668F10032E0F0;
			productRefGroup = 6AD25F04207668F10032E0F0 /* Products */;
			projectDirPath = "";
			projectRoot = "";
			targets = (
				6AD25F02207668F10032E0F0 /* D07 */,
			);
		};
/* End PBXProject section */

/* Begin PBXResourcesBuildPhase section */
		6AD25F01207668F10032E0F0 /* Resources */ = {
			isa = PBXResourcesBuildPhase;
			buildActionMask = 2147483647;
			files = (
				6AD25F11207668F30032E0F0 /* LaunchScreen.storyboard in Resources */,
				6AD25F0E207668F30032E0F0 /* Assets.xcassets in Resources */,
				6AD25F0C207668F10032E0F0 /* Main.storyboard in Resources */,
			);
			runOnlyForDeploymentPostprocessing = 0;
		};
/* End PBXResourcesBuildPhase section */

/* Begin PBXShellScriptBuildPhase section */
		4B6A42AEF3AC8020AC7613B5 /* [CP] Embed Pods Frameworks */ = {
			isa = PBXShellScriptBuildPhase;
			buildActionMask = 2147483647;
			files = (
			);
			inputPaths = (
				"${SRCROOT}/Pods/Target Support Files/Pods-D07/Pods-D07-frameworks.sh",
				"${BUILT_PRODUCTS_DIR}/Alamofire/Alamofire.framework",
				"${BUILT_PRODUCTS_DIR}/ForecastIO/ForecastIO.framework",
				"${BUILT_PRODUCTS_DIR}/ObjectMapper/ObjectMapper.framework",
				"${BUILT_PRODUCTS_DIR}/RecastAI/RecastAI.framework",
			);
			name = "[CP] Embed Pods Frameworks";
			outputPaths = (
				"${TARGET_BUILD_DIR}/${FRAMEWORKS_FOLDER_PATH}/Alamofire.framework",
				"${TARGET_BUILD_DIR}/${FRAMEWORKS_FOLDER_PATH}/ForecastIO.framework",
				"${TARGET_BUILD_DIR}/${FRAMEWORKS_FOLDER_PATH}/ObjectMapper.framework",
				"${TARGET_BUILD_DIR}/${FRAMEWORKS_FOLDER_PATH}/RecastAI.framework",
			);
			runOnlyForDeploymentPostprocessing = 0;
			shellPath = /bin/sh;
			shellScript = "\"${SRCROOT}/Pods/Target Support Files/Pods-D07/Pods-D07-frameworks.sh\"\n";
			showEnvVarsInLog = 0;
		};
		E9C898015E38FB9AC64C0996 /* [CP] Check Pods Manifest.lock */ = {
			isa = PBXShellScriptBuildPhase;
			buildActionMask = 2147483647;
			files = (
			);
			inputPaths = (
				"${PODS_PODFILE_DIR_PATH}/Podfile.lock",
				"${PODS_ROOT}/Manifest.lock",
			);
			name = "[CP] Check Pods Manifest.lock";
			outputPaths = (
				"$(DERIVED_FILE_DIR)/Pods-D07-checkManifestLockResult.txt",
			);
			runOnlyForDeploymentPostprocessing = 0;
			shellPath = /bin/sh;
			shellScript = "diff \"${PODS_PODFILE_DIR_PATH}/Podfile.lock\" \"${PODS_ROOT}/Manifest.lock\" > /dev/null\nif [ $? != 0 ] ; then\n    # print error to STDERR\n    echo \"error: The sandbox is not in sync with the Podfile.lock. Run 'pod install' or update your CocoaPods installation.\" >&2\n    exit 1\nfi\n# This output is used by Xcode 'outputs' to avoid re-running this script phase.\necho \"SUCCESS\" > \"${SCRIPT_OUTPUT_FILE_0}\"\n";
			showEnvVarsInLog = 0;
		};
/* End PBXShellScriptBuildPhase section */

/* Begin PBXSourcesBuildPhase section */
		6AD25EFF207668F10032E0F0 /* Sources */ = {
			isa = PBXSourcesBuildPhase;
			buildActionMask = 2147483647;
			files = (
				6AD25F09207668F10032E0F0 /* ViewController.swift in Sources */,
				6AD25F07207668F10032E0F0 /* AppDelegate.swift in Sources */,
			);
			runOnlyForDeploymentPostprocessing = 0;
		};
/* End PBXSourcesBuildPhase section */

/* Begin PBXVariantGroup section */
		6AD25F0A207668F10032E0F0 /* Main.storyboard */ = {
			isa = PBXVariantGroup;
			children = (
				6AD25F0B207668F10032E0F0 /* Base */,
			);
			name = Main.storyboard;
			sourceTree = "<group>";
		};
		6AD25F0F207668F30032E0F0 /* LaunchScreen.storyboard */ = {
			isa = PBXVariantGroup;
			children = (
				6AD25F10207668F30032E0F0 /* Base */,
			);
			name = LaunchScreen.storyboard;
			sourceTree = "<group>";
		};
/* End PBXVariantGroup section */

/* Begin XCBuildConfiguration section */
		6AD25F13207668F30032E0F0 /* Debug */ = {
			isa = XCBuildConfiguration;
			buildSettings = {
				ALWAYS_SEARCH_USER_PATHS = NO;
				CLANG_ANALYZER_NONNULL = YES;
				CLANG_ANALYZER_NUMBER_OBJECT_CONVERSION = YES_AGGRESSIVE;
				CLANG_CXX_LANGUAGE_STANDARD = "gnu++14";
				CLANG_CXX_LIBRARY = "libc++";
				CLANG_ENABLE_MODULES = YES;
				CLANG_ENABLE_OBJC_ARC = YES;
				CLANG_ENABLE_OBJC_WEAK = YES;
				CLANG_WARN_BLOCK_CAPTURE_AUTORELEASING = YES;
				CLANG_WARN_BOOL_CONVERSION = YES;
				CLANG_WARN_COMMA = YES;
				CLANG_WARN_CONSTANT_CONVERSION = YES;
				CLANG_WARN_DEPRECATED_OBJC_IMPLEMENTATIONS = YES;
				CLANG_WARN_DIRECT_OBJC_ISA_USAGE = YES_ERROR;
				CLANG_WARN_DOCUMENTATION_COMMENTS = YES;
				CLANG_WARN_EMPTY_BODY = YES;
				CLANG_WARN_ENUM_CONVERSION = YES;
				CLANG_WARN_INFINITE_RECURSION = YES;
				CLANG_WARN_INT_CONVERSION = YES;
				CLANG_WARN_NON_LITERAL_NULL_CONVERSION = YES;
				CLANG_WARN_OBJC_IMPLICIT_RETAIN_SELF = YES;
				CLANG_WARN_OBJC_LITERAL_CONVERSION = YES;
				CLANG_WARN_OBJC_ROOT_CLASS = YES_ERROR;
				CLANG_WARN_RANGE_LOOP_ANALYSIS = YES;
				CLANG_WARN_STRICT_PROTOTYPES = YES;
				CLANG_WARN_SUSPICIOUS_MOVE = YES;
				CLANG_WARN_UNGUARDED_AVAILABILITY = YES_AGGRESSIVE;
				CLANG_WARN_UNREACHABLE_CODE = YES;
				CLANG_WARN__DUPLICATE_METHOD_MATCH = YES;
				CODE_SIGN_IDENTITY = "iPhone Developer";
				COPY_PHASE_STRIP = NO;
				DEBUG_INFORMATION_FORMAT = dwarf;
				ENABLE_STRICT_OBJC_MSGSEND = YES;
				ENABLE_TESTABILITY = YES;
				GCC_C_LANGUAGE_STANDARD = gnu11;
				GCC_DYNAMIC_NO_PIC = NO;
				GCC_NO_COMMON_BLOCKS = YES;
				GCC_OPTIMIZATION_LEVEL = 0;
				GCC_PREPROCESSOR_DEFINITIONS = (
					"DEBUG=1",
					"$(inherited)",
				);
				GCC_WARN_64_TO_32_BIT_CONVERSION = YES;
				GCC_WARN_ABOUT_RETURN_TYPE = YES_ERROR;
				GCC_WARN_UNDECLARED_SELECTOR = YES;
				GCC_WARN_UNINITIALIZED_AUTOS = YES_AGGRESSIVE;
				GCC_WARN_UNUSED_FUNCTION = YES;
				GCC_WARN_UNUSED_VARIABLE = YES;
				IPHONEOS_DEPLOYMENT_TARGET = 11.3;
				MTL_ENABLE_DEBUG_INFO = YES;
				ONLY_ACTIVE_ARCH = YES;
				SDKROOT = iphoneos;
				SWIFT_ACTIVE_COMPILATION_CONDITIONS = DEBUG;
				SWIFT_OPTIMIZATION_LEVEL = "-Onone";
			};
			name = Debug;
		};
		6AD25F14207668F30032E0F0 /* Release */ = {
			isa = XCBuildConfiguration;
			buildSettings = {
				ALWAYS_SEARCH_USER_PATHS = NO;
				CLANG_ANALYZER_NONNULL = YES;
				CLANG_ANALYZER_NUMBER_OBJECT_CONVERSION = YES_AGGRESSIVE;
				CLANG_CXX_LANGUAGE_STANDARD = "gnu++14";
				CLANG_CXX_LIBRARY = "libc++";
				CLANG_ENABLE_MODULES = YES;
				CLANG_ENABLE_OBJC_ARC = YES;
				CLANG_ENABLE_OBJC_WEAK = YES;
				CLANG_WARN_BLOCK_CAPTURE_AUTORELEASING = YES;
				CLANG_WARN_BOOL_CONVERSION = YES;
				CLANG_WARN_COMMA = YES;
				CLANG_WARN_CONSTANT_CONVERSION = YES;
				CLANG_WARN_DEPRECATED_OBJC_IMPLEMENTATIONS = YES;
				CLANG_WARN_DIRECT_OBJC_ISA_USAGE = YES_ERROR;
				CLANG_WARN_DOCUMENTATION_COMMENTS = YES;
				CLANG_WARN_EMPTY_BODY = YES;
				CLANG_WARN_ENUM_CONVERSION = YES;
				CLANG_WARN_INFINITE_RECURSION = YES;
				CLANG_WARN_INT_CONVERSION = YES;
				CLANG_WARN_NON_LITERAL_NULL_CONVERSION = YES;
				CLANG_WARN_OBJC_IMPLICIT_RETAIN_SELF = YES;
				CLANG_WARN_OBJC_LITERAL_CONVERSION = YES;
				CLANG_WARN_OBJC_ROOT_CLASS = YES_ERROR;
				CLANG_WARN_RANGE_LOOP_ANALYSIS = YES;
				CLANG_WARN_STRICT_PROTOTYPES = YES;
				CLANG_WARN_SUSPICIOUS_MOVE = YES;
				CLANG_WARN_UNGUARDED_AVAILABILITY = YES_AGGRESSIVE;
				CLANG_WARN_UNREACHABLE_CODE = YES;
				CLANG_WARN__DUPLICATE_METHOD_MATCH = YES;
				CODE_SIGN_IDENTITY = "iPhone Developer";
				COPY_PHASE_STRIP = NO;
				DEBUG_INFORMATION_FORMAT = "dwarf-with-dsym";
				ENABLE_NS_ASSERTIONS = NO;
				ENABLE_STRICT_OBJC_MSGSEND = YES;
				GCC_C_LANGUAGE_STANDARD = gnu11;
				GCC_NO_COMMON_BLOCKS = YES;
				GCC_WARN_64_TO_32_BIT_CONVERSION = YES;
				GCC_WARN_ABOUT_RETURN_TYPE = YES_ERROR;
				GCC_WARN_UNDECLARED_SELECTOR = YES;
				GCC_WARN_UNINITIALIZED_AUTOS = YES_AGGRESSIVE;
				GCC_WARN_UNUSED_FUNCTION = YES;
				GCC_WARN_UNUSED_VARIABLE = YES;
				IPHONEOS_DEPLOYMENT_TARGET = 11.3;
				MTL_ENABLE_DEBUG_INFO = NO;
				SDKROOT = iphoneos;
				SWIFT_COMPILATION_MODE = wholemodule;
				SWIFT_OPTIMIZATION_LEVEL = "-O";
				VALIDATE_PRODUCT = YES;
			};
			name = Release;
		};
		6AD25F16207668F30032E0F0 /* Debug */ = {
			isa = XCBuildConfiguration;
			baseConfigurationReference = FF2AB29043E4DB88FE2F85B0 /* Pods-D07.debug.xcconfig */;
			buildSettings = {
				ASSETCATALOG_COMPILER_APPICON_NAME = AppIcon;
				CODE_SIGN_STYLE = Automatic;
				DEVELOPMENT_TEAM = VV7JLT6T37;
				INFOPLIST_FILE = D07/Info.plist;
				LD_RUNPATH_SEARCH_PATHS = "$(inherited) @executable_path/Frameworks";
				PRODUCT_BUNDLE_IDENTIFIER = jsivanes.D07;
				PRODUCT_NAME = "$(TARGET_NAME)";
				SWIFT_VERSION = 4.0;
				TARGETED_DEVICE_FAMILY = "1,2";
			};
			name = Debug;
		};
		6AD25F17207668F30032E0F0 /* Release */ = {
			isa = XCBuildConfiguration;
			baseConfigurationReference = DEE54363179CA123EFE93B13 /* Pods-D07.release.xcconfig */;
			buildSettings = {
				ASSETCATALOG_COMPILER_APPICON_NAME = AppIcon;
				CODE_SIGN_STYLE = Automatic;
				DEVELOPMENT_TEAM = VV7JLT6T37;
				INFOPLIST_FILE = D07/Info.plist;
				LD_RUNPATH_SEARCH_PATHS = "$(inherited) @executable_path/Frameworks";
				PRODUCT_BUNDLE_IDENTIFIER = jsivanes.D07;
				PRODUCT_NAME = "$(TARGET_NAME)";
				SWIFT_VERSION = 4.0;
				TARGETED_DEVICE_FAMILY = "1,2";
			};
			name = Release;
		};
/* End XCBuildConfiguration section */

/* Begin XCConfigurationList section */
		6AD25EFE207668F10032E0F0 /* Build configuration list for PBXProject "D07" */ = {
			isa = XCConfigurationList;
			buildConfigurations = (
				6AD25F13207668F30032E0F0 /* Debug */,
				6AD25F14207668F30032E0F0 /* Release */,
			);
			defaultConfigurationIsVisible = 0;
			defaultConfigurationName = Release;
		};
		6AD25F15207668F30032E0F0 /* Build configuration list for PBXNativeTarget "D07" */ = {
			isa = XCConfigurationList;
			buildConfigurations = (
				6AD25F16207668F30032E0F0 /* Debug */,
				6AD25F17207668F30032E0F0 /* Release */,
			);
			defaultConfigurationIsVisible = 0;
			defaultConfigurationName = Release;
		};
/* End XCConfigurationList section */
	};
	rootObject = 6AD25EFB207668F10032E0F0 /* Project object */;
}
